
Microsoft Visual Studio Solution File, Format Version 12.00
# Visual Studio Version 16
VisualStudioVersion = 16.0.30804.86
MinimumVisualStudioVersion = 10.0.40219.1
Project("{FAE04EC0-301F-11D3-BF4B-00C04F79EFBC}") = "PISvjezbe", "PISvjezbe\PISvjezbe.csproj", "{95404DCF-532C-4EA6-929F-71AF3BA10B03}"
EndProject
Global
	GlobalSection(SolutionConfigurationPlatforms) = preSolution
		Debug|Any CPU = Debug|Any CPU
		Release|Any CPU = Release|Any CPU
	EndGlobalSection
	GlobalSection(ProjectConfigurationPlatforms) = postSolution
		{95404DCF-532C-4EA6-929F-71AF3BA10B03}.Debug|Any CPU.ActiveCfg = Debug|Any CPU
		{95404DCF-532C-4EA6-929F-71AF3BA10B03}.Debug|Any CPU.Build.0 = Debug|Any CPU
		{95404DCF-532C-4EA6-929F-71AF3BA10B03}.Release|Any CPU.ActiveCfg = Release|Any CPU
		{95404DCF-532C-4EA6-929F-71AF3BA10B03}.Release|Any CPU.Build.0 = Release|Any CPU
	EndGlobalSection
	GlobalSection(SolutionProperties) = preSolution
		HideSolutionNode = FALSE
	EndGlobalSection
	GlobalSection(ExtensibilityGlobals) = postSolution
		SolutionGuid = {BDC3A8B3-9D30-4639-808F-C4F84EA198B1}
	EndGlobalSection
EndGlobal
